<Project xmlns="http://schemas.microsoft.com/developer/msbuild/2003">
  <PropertyGroup>
    <ProjectGuid>{6aab6af4-99ac-47dd-9d54-ae2b36ed8c1a}</ProjectGuid>
    <MainSource>DGHIDEHelpHelper2007.dpr</MainSource>
    <Configuration Condition=" '$(Configuration)' == '' ">Debug</Configuration>
    <Platform Condition=" '$(Platform)' == '' ">AnyCPU</Platform>
    <DCC_DCCCompiler>DCC32</DCC_DCCCompiler>
    <DCC_DependencyCheckOutputName>DGHIDEHelpHelper2007.dll</DCC_DependencyCheckOutputName>
  </PropertyGroup>
  <PropertyGroup Condition=" '$(Configuration)|$(Platform)' == 'Release|AnyCPU' ">
    <Version>7.0</Version>
    <DCC_DebugInformation>False</DCC_DebugInformation>
    <DCC_LocalDebugSymbols>False</DCC_LocalDebugSymbols>
    <DCC_SymbolReferenceInfo>0</DCC_SymbolReferenceInfo>
    <DCC_Define>RELEASE</DCC_Define>
  </PropertyGroup>
  <PropertyGroup Condition=" '$(Configuration)|$(Platform)' == 'Debug|AnyCPU' ">
    <Version>7.0</Version>
    <DCC_Define>DEBUG</DCC_Define>
  </PropertyGroup>
  <ProjectExtensions>
    <Borland.Personality>Delphi.Personality</Borland.Personality>
    <Borland.ProjectType>VCLApplication</Borland.ProjectType>
    <BorlandProject>
<BorlandProject xmlns=""> <Delphi.Personality>   <Parameters>
      <Parameters Name="UseLauncher">False</Parameters>
      <Parameters Name="LoadAllSymbols">True</Parameters>
      <Parameters Name="LoadUnspecifiedSymbols">False</Parameters>
    </Parameters>
    <VersionInfo>
      <VersionInfo Name="IncludeVerInfo">False</VersionInfo>
      <VersionInfo Name="AutoIncBuild">False</VersionInfo>
      <VersionInfo Name="MajorVer">1</VersionInfo>
      <VersionInfo Name="MinorVer">0</VersionInfo>
      <VersionInfo Name="Release">0</VersionInfo>
      <VersionInfo Name="Build">0</VersionInfo>
      <VersionInfo Name="Debug">False</VersionInfo>
      <VersionInfo Name="PreRelease">False</VersionInfo>
      <VersionInfo Name="Special">False</VersionInfo>
      <VersionInfo Name="Private">False</VersionInfo>
      <VersionInfo Name="DLL">False</VersionInfo>
      <VersionInfo Name="Locale">2057</VersionInfo>
      <VersionInfo Name="CodePage">1252</VersionInfo>
    </VersionInfo>
    <VersionInfoKeys>
      <VersionInfoKeys Name="CompanyName"></VersionInfoKeys>
      <VersionInfoKeys Name="FileDescription"></VersionInfoKeys>
      <VersionInfoKeys Name="FileVersion">1.0.0.0</VersionInfoKeys>
      <VersionInfoKeys Name="InternalName"></VersionInfoKeys>
      <VersionInfoKeys Name="LegalCopyright"></VersionInfoKeys>
      <VersionInfoKeys Name="LegalTrademarks"></VersionInfoKeys>
      <VersionInfoKeys Name="OriginalFilename"></VersionInfoKeys>
      <VersionInfoKeys Name="ProductName"></VersionInfoKeys>
      <VersionInfoKeys Name="ProductVersion">1.0.0.0</VersionInfoKeys>
      <VersionInfoKeys Name="Comments"></VersionInfoKeys>
    </VersionInfoKeys>
    <Source>
      <Source Name="MainSource">DGHIDEHelpHelper2007.dpr</Source>
    </Source>
  </Delphi.Personality> </BorlandProject></BorlandProject>
  </ProjectExtensions>
  <ItemGroup />
  <ItemGroup>
    <DelphiCompile Include="DGHIDEHelpHelper2007.dpr">
      <MainSource>MainSource</MainSource>
    </DelphiCompile>
    <RcCompile Include="..\SplashScreenIcon.RC">
      <ModuleName>SplashScreenIcon.RC</ModuleName>
      <Form>SplashScreenIcon.res</Form>
    </RcCompile>
    <RcCompile Include="ITHrVerInfo.RC">
      <ModuleName>ITHrVerInfo.RC</ModuleName>
      <Form>ITHrVerInfo.res</Form>
    </RcCompile>
    <DCCReference Include="..\..\..\Library\WebBrowserFrame.pas">
      <Form>fmWebBrowser</Form>
      <DesignClass>TFrame</DesignClass>
    </DCCReference>
    <DCCReference Include="..\Source\ApplicationsOptions.pas" />
    <DCCReference Include="..\Source\DGHIDEHelphelperConfigForm.pas">
      <Form>frmDGHIDEHelphelperConfig</Form>
    </DCCReference>
    <DCCReference Include="..\Source\DGHIDEHelpHelperOptionsFrame.pas">
      <Form>fmIDEHelpHelperOptions</Form>
      <DesignClass>TFrame</DesignClass>
    </DCCReference>
    <DCCReference Include="..\Source\DockableBrowserForm.pas">
      <Form>frmDockableBrowser</Form>
    </DCCReference>
    <DCCReference Include="..\Source\IDEOptionsInterface.pas" />
    <DCCReference Include="..\Source\InitialiseOTAInterface.pas" />
    <DCCReference Include="..\Source\KeyboardBindingInterface.pas" />
    <DCCReference Include="..\Source\UtilityFunctions.pas" />
    <DCCReference Include="..\Source\WizardInterface.pas" />
  </ItemGroup>
  <Import Project="$(MSBuildBinPath)\Borland.Delphi.Targets" />
</Project>